
Microsoft Visual Studio Solution File, Format Version 12.00
# Visual Studio Version 16
VisualStudioVersion = 16.0.30204.135
MinimumVisualStudioVersion = 10.0.40219.1
Project("{888888A0-9F3D-457C-B088-3A5042F75D52}") = "MaximumSubarray", "MaximumSubarray.pyproj", "{C32A5492-E0B3-40A0-AED4-D24C52056C94}"
EndProject
Global
	GlobalSection(SolutionConfigurationPlatforms) = preSolution
		Debug|Any CPU = Debug|Any CPU
		Release|Any CPU = Release|Any CPU
	EndGlobalSection
	GlobalSection(ProjectConfigurationPlatforms) = postSolution
		{C32A5492-E0B3-40A0-AED4-D24C52056C94}.Debug|Any CPU.ActiveCfg = Debug|Any CPU
		{C32A5492-E0B3-40A0-AED4-D24C52056C94}.Release|Any CPU.ActiveCfg = Release|Any CPU
	EndGlobalSection
	GlobalSection(SolutionProperties) = preSolution
		HideSolutionNode = FALSE
	EndGlobalSection
	GlobalSection(ExtensibilityGlobals) = postSolution
		SolutionGuid = {E86B5184-CDDE-4C02-BB0A-D6486F977919}
	EndGlobalSection
EndGlobal
